{
  "version": 4,
  "terraform_version": "1.0.11",
  "serial": 3,
  "lineage": "36195d4a-9750-3122-5711-bbbba5c04248",
  "outputs": {},
  "resources": [
    {
      "mode": "data",
      "type": "local_file",
      "name": "dog",
      "provider": "provider[\"registry.terraform.io/hashicorp/local\"]",
      "instances": [
        {
          "schema_version": 0,
          "attributes": {
            "content": "I love Dogs",
            "content_base64": "SSBsb3ZlIERvZ3M=",
            "filename": "/Users/sdivyanshu/Desktop/Local_Folder/dogs.txt",
            "id": "2e13d0235f2e0ba3f1106be0c3bc52185ae1d024"
          },
          "sensitive_attributes": []
        }
      ]
    },
    {
      "mode": "managed",
      "type": "local_file",
      "name": "local",
      "provider": "provider[\"registry.terraform.io/hashicorp/local\"]",
      "instances": [
        {
          "schema_version": 0,
          "attributes": {
            "content": "I love Dogs",
            "content_base64": null,
            "directory_permission": "0777",
            "file_permission": "0777",
            "filename": "/Users/sdivyanshu/Desktop/Local_Folder/local.txt",
            "id": "2e13d0235f2e0ba3f1106be0c3bc52185ae1d024",
            "sensitive_content": null,
            "source": null
          },
          "sensitive_attributes": [],
          "private": "bnVsbA==",
          "dependencies": [
            "data.local_file.dog"
          ]
        }
      ]
    }
  ]
}
